
Microsoft Visual Studio Solution File, Format Version 12.00
# Visual Studio 2013
VisualStudioVersion = 12.0.40629.0
MinimumVisualStudioVersion = 10.0.40219.1
Project("{FAE04EC0-301F-11D3-BF4B-00C04F79EFBC}") = "Tests.Patterns.Screenplay", "Tests.Patterns.Screenplay\Tests.Patterns.Screenplay.csproj", "{7A0672D9-25B6-4FCE-9492-67D91ACCF342}"
EndProject
Project("{FAE04EC0-301F-11D3-BF4B-00C04F79EFBC}") = "Tests.Patterns.Screenplay.UnitTests", "Tests.Patterns.Screenplay.UnitTests\Tests.Patterns.Screenplay.UnitTests.csproj", "{AE9445F0-AB09-47EB-BB91-7FAB69290203}"
EndProject
Global
	GlobalSection(SolutionConfigurationPlatforms) = preSolution
		Debug|Any CPU = Debug|Any CPU
		Release|Any CPU = Release|Any CPU
	EndGlobalSection
	GlobalSection(ProjectConfigurationPlatforms) = postSolution
		{7A0672D9-25B6-4FCE-9492-67D91ACCF342}.Debug|Any CPU.ActiveCfg = Debug|Any CPU
		{7A0672D9-25B6-4FCE-9492-67D91ACCF342}.Debug|Any CPU.Build.0 = Debug|Any CPU
		{7A0672D9-25B6-4FCE-9492-67D91ACCF342}.Release|Any CPU.ActiveCfg = Release|Any CPU
		{7A0672D9-25B6-4FCE-9492-67D91ACCF342}.Release|Any CPU.Build.0 = Release|Any CPU
		{AE9445F0-AB09-47EB-BB91-7FAB69290203}.Debug|Any CPU.ActiveCfg = Debug|Any CPU
		{AE9445F0-AB09-47EB-BB91-7FAB69290203}.Debug|Any CPU.Build.0 = Debug|Any CPU
		{AE9445F0-AB09-47EB-BB91-7FAB69290203}.Release|Any CPU.ActiveCfg = Release|Any CPU
		{AE9445F0-AB09-47EB-BB91-7FAB69290203}.Release|Any CPU.Build.0 = Release|Any CPU
	EndGlobalSection
	GlobalSection(SolutionProperties) = preSolution
		HideSolutionNode = FALSE
	EndGlobalSection
EndGlobal
